
Microsoft Visual Studio Solution File, Format Version 12.00
# Visual Studio Version 17
VisualStudioVersion = 17.0.31903.59
MinimumVisualStudioVersion = 10.0.40219.1
Project("{2150E333-8FDC-42A3-9474-1A3956D46DE8}") = "src", "src", "{CAE9DCDD-0D9C-4D0B-AFBE-79A9B35E734D}"
EndProject
Project("{FAE04EC0-301F-11D3-BF4B-00C04F79EFBC}") = "Domain", "src\Domain\Domain.csproj", "{BF7EA573-20F3-429E-83CB-CEC8EB5D776F}"
EndProject
Project("{FAE04EC0-301F-11D3-BF4B-00C04F79EFBC}") = "Application", "src\Application\Application.csproj", "{730E61C5-EF25-4367-8DB8-93B4E9022528}"
EndProject
Project("{FAE04EC0-301F-11D3-BF4B-00C04F79EFBC}") = "Infrastructure", "src\Infrastructure\Infrastructure.csproj", "{1784290C-A0A7-46F2-8885-4A0A0331AA45}"
EndProject
Project("{FAE04EC0-301F-11D3-BF4B-00C04F79EFBC}") = "Server", "src\Server\Server.csproj", "{9913F9AA-49D6-4FD0-A4BB-509F379426FD}"
EndProject
Project("{2150E333-8FDC-42A3-9474-1A3956D46DE8}") = "tests", "tests", "{00440961-2921-4023-8D79-306A48AB1013}"
EndProject
Project("{FAE04EC0-301F-11D3-BF4B-00C04F79EFBC}") = "Application.UnitTests", "tests\Application.UnitTests\Application.UnitTests.csproj", "{AB64E21A-D6B7-4564-92B5-347D1E348F08}"
EndProject
Project("{FAE04EC0-301F-11D3-BF4B-00C04F79EFBC}") = "Application.IntegrationTests", "tests\Application.IntegrationTests\Application.IntegrationTests.csproj", "{96807BB0-0614-4F76-BE6A-26F4646E736B}"
EndProject
Project("{FAE04EC0-301F-11D3-BF4B-00C04F79EFBC}") = "Server.IntegrationTests", "tests\Server.IntegrationTests\Server.IntegrationTests.csproj", "{7FA46F43-46EF-4EF5-8B07-49E20BF4D2A3}"
EndProject
Global
	GlobalSection(SolutionConfigurationPlatforms) = preSolution
		Debug|Any CPU = Debug|Any CPU
		Release|Any CPU = Release|Any CPU
	EndGlobalSection
	GlobalSection(SolutionProperties) = preSolution
		HideSolutionNode = FALSE
	EndGlobalSection
	GlobalSection(ProjectConfigurationPlatforms) = postSolution
		{BF7EA573-20F3-429E-83CB-CEC8EB5D776F}.Debug|Any CPU.ActiveCfg = Debug|Any CPU
		{BF7EA573-20F3-429E-83CB-CEC8EB5D776F}.Debug|Any CPU.Build.0 = Debug|Any CPU
		{BF7EA573-20F3-429E-83CB-CEC8EB5D776F}.Release|Any CPU.ActiveCfg = Release|Any CPU
		{BF7EA573-20F3-429E-83CB-CEC8EB5D776F}.Release|Any CPU.Build.0 = Release|Any CPU
		{730E61C5-EF25-4367-8DB8-93B4E9022528}.Debug|Any CPU.ActiveCfg = Debug|Any CPU
		{730E61C5-EF25-4367-8DB8-93B4E9022528}.Debug|Any CPU.Build.0 = Debug|Any CPU
		{730E61C5-EF25-4367-8DB8-93B4E9022528}.Release|Any CPU.ActiveCfg = Release|Any CPU
		{730E61C5-EF25-4367-8DB8-93B4E9022528}.Release|Any CPU.Build.0 = Release|Any CPU
		{1784290C-A0A7-46F2-8885-4A0A0331AA45}.Debug|Any CPU.ActiveCfg = Debug|Any CPU
		{1784290C-A0A7-46F2-8885-4A0A0331AA45}.Debug|Any CPU.Build.0 = Debug|Any CPU
		{1784290C-A0A7-46F2-8885-4A0A0331AA45}.Release|Any CPU.ActiveCfg = Release|Any CPU
		{1784290C-A0A7-46F2-8885-4A0A0331AA45}.Release|Any CPU.Build.0 = Release|Any CPU
		{9913F9AA-49D6-4FD0-A4BB-509F379426FD}.Debug|Any CPU.ActiveCfg = Debug|Any CPU
		{9913F9AA-49D6-4FD0-A4BB-509F379426FD}.Debug|Any CPU.Build.0 = Debug|Any CPU
		{9913F9AA-49D6-4FD0-A4BB-509F379426FD}.Release|Any CPU.ActiveCfg = Release|Any CPU
		{9913F9AA-49D6-4FD0-A4BB-509F379426FD}.Release|Any CPU.Build.0 = Release|Any CPU
		{AB64E21A-D6B7-4564-92B5-347D1E348F08}.Debug|Any CPU.ActiveCfg = Debug|Any CPU
		{AB64E21A-D6B7-4564-92B5-347D1E348F08}.Debug|Any CPU.Build.0 = Debug|Any CPU
		{AB64E21A-D6B7-4564-92B5-347D1E348F08}.Release|Any CPU.ActiveCfg = Release|Any CPU
		{AB64E21A-D6B7-4564-92B5-347D1E348F08}.Release|Any CPU.Build.0 = Release|Any CPU
		{96807BB0-0614-4F76-BE6A-26F4646E736B}.Debug|Any CPU.ActiveCfg = Debug|Any CPU
		{96807BB0-0614-4F76-BE6A-26F4646E736B}.Debug|Any CPU.Build.0 = Debug|Any CPU
		{96807BB0-0614-4F76-BE6A-26F4646E736B}.Release|Any CPU.ActiveCfg = Release|Any CPU
		{96807BB0-0614-4F76-BE6A-26F4646E736B}.Release|Any CPU.Build.0 = Release|Any CPU
		{7FA46F43-46EF-4EF5-8B07-49E20BF4D2A3}.Debug|Any CPU.ActiveCfg = Debug|Any CPU
		{7FA46F43-46EF-4EF5-8B07-49E20BF4D2A3}.Debug|Any CPU.Build.0 = Debug|Any CPU
		{7FA46F43-46EF-4EF5-8B07-49E20BF4D2A3}.Release|Any CPU.ActiveCfg = Release|Any CPU
		{7FA46F43-46EF-4EF5-8B07-49E20BF4D2A3}.Release|Any CPU.Build.0 = Release|Any CPU
	EndGlobalSection
	GlobalSection(NestedProjects) = preSolution
		{BF7EA573-20F3-429E-83CB-CEC8EB5D776F} = {CAE9DCDD-0D9C-4D0B-AFBE-79A9B35E734D}
		{730E61C5-EF25-4367-8DB8-93B4E9022528} = {CAE9DCDD-0D9C-4D0B-AFBE-79A9B35E734D}
		{1784290C-A0A7-46F2-8885-4A0A0331AA45} = {CAE9DCDD-0D9C-4D0B-AFBE-79A9B35E734D}
		{9913F9AA-49D6-4FD0-A4BB-509F379426FD} = {CAE9DCDD-0D9C-4D0B-AFBE-79A9B35E734D}
		{AB64E21A-D6B7-4564-92B5-347D1E348F08} = {00440961-2921-4023-8D79-306A48AB1013}
		{96807BB0-0614-4F76-BE6A-26F4646E736B} = {00440961-2921-4023-8D79-306A48AB1013}
		{7FA46F43-46EF-4EF5-8B07-49E20BF4D2A3} = {00440961-2921-4023-8D79-306A48AB1013}
	EndGlobalSection
EndGlobal
